// !$*UTF8*$!
{
	archiveVersion = 1;
	classes = {
	};
	objectVersion = 51;
	objects = {

/* Begin PBXBuildFile section */
		3E606B2524C23DD700C76056 /* AppDelegate.swift in Sources */ = {isa = PBXBuildFile; fileRef = 3E606B2424C23DD700C76056 /* AppDelegate.swift */; };
		3E606B2724C23DD700C76056 /* SceneDelegate.swift in Sources */ = {isa = PBXBuildFile; fileRef = 3E606B2624C23DD700C76056 /* SceneDelegate.swift */; };
		3E606B2924C23DD700C76056 /* ViewController.swift in Sources */ = {isa = PBXBuildFile; fileRef = 3E606B2824C23DD700C76056 /* ViewController.swift */; };
		3E606B2C24C23DD700C76056 /* Main.storyboard in Resources */ = {isa = PBXBuildFile; fileRef = 3E606B2A24C23DD700C76056 /* Main.storyboard */; };
		3E606B3124C23DDB00C76056 /* Assets.xcassets in Resources */ = {isa = PBXBuildFile; fileRef = 3E606B3024C23DDB00C76056 /* Assets.xcassets */; };
		3E606B3424C23DDB00C76056 /* LaunchScreen.storyboard in Resources */ = {isa = PBXBuildFile; fileRef = 3E606B3224C23DDB00C76056 /* LaunchScreen.storyboard */; };
		5675CCF124C3095800EF9DB8 /* AddSthViewController.swift in Sources */ = {isa = PBXBuildFile; fileRef = 5675CCF024C3095800EF9DB8 /* AddSthViewController.swift */; };
		CF4B56E802C2012189B1BC5B /* Pods_WashU_Calendar.framework in Frameworks */ = {isa = PBXBuildFile; fileRef = 5AEFAC5894007DA168DE690F /* Pods_WashU_Calendar.framework */; };
		3E79816924C3BF770023BE89 /* School+CoreDataClass.swift in Sources */ = {isa = PBXBuildFile; fileRef = 3E79816724C3BF770023BE89 /* School+CoreDataClass.swift */; };
		3E79816A24C3BF770023BE89 /* School+CoreDataProperties.swift in Sources */ = {isa = PBXBuildFile; fileRef = 3E79816824C3BF770023BE89 /* School+CoreDataProperties.swift */; };
		3E79816F24C3DB0C0023BE89 /* Attribute+CoreDataClass.swift in Sources */ = {isa = PBXBuildFile; fileRef = 3E79816D24C3DB0C0023BE89 /* Attribute+CoreDataClass.swift */; };
		3E79817024C3DB0C0023BE89 /* Attribute+CoreDataProperties.swift in Sources */ = {isa = PBXBuildFile; fileRef = 3E79816E24C3DB0C0023BE89 /* Attribute+CoreDataProperties.swift */; };
		3E79817324C3E7430023BE89 /* Department+CoreDataClass.swift in Sources */ = {isa = PBXBuildFile; fileRef = 3E79817124C3E7430023BE89 /* Department+CoreDataClass.swift */; };
		3E79817424C3E7430023BE89 /* Department+CoreDataProperties.swift in Sources */ = {isa = PBXBuildFile; fileRef = 3E79817224C3E7430023BE89 /* Department+CoreDataProperties.swift */; };
		3E87BFF024C4D04D00ADB2CF /* CoreDataController.swift in Sources */ = {isa = PBXBuildFile; fileRef = 3E87BFEF24C4D04D00ADB2CF /* CoreDataController.swift */; };
		3E87BFF224C4E52A00ADB2CF /* JsonController.swift in Sources */ = {isa = PBXBuildFile; fileRef = 3E87BFF124C4E52A00ADB2CF /* JsonController.swift */; };
		3E87BFF424C4F07000ADB2CF /* JsonDataType.swift in Sources */ = {isa = PBXBuildFile; fileRef = 3E87BFF324C4F07000ADB2CF /* JsonDataType.swift */; };
		3EDD515724C38C88002C7220 /* EventCollectionViewCell.swift in Sources */ = {isa = PBXBuildFile; fileRef = 3EDD515624C38C88002C7220 /* EventCollectionViewCell.swift */; };
		3EDD516A24C3B766002C7220 /* Event+CoreDataClass.swift in Sources */ = {isa = PBXBuildFile; fileRef = 3EDD515A24C3B766002C7220 /* Event+CoreDataClass.swift */; };
		3EDD516B24C3B766002C7220 /* Event+CoreDataProperties.swift in Sources */ = {isa = PBXBuildFile; fileRef = 3EDD515B24C3B766002C7220 /* Event+CoreDataProperties.swift */; };
		3EDD516E24C3B766002C7220 /* Session+CoreDataClass.swift in Sources */ = {isa = PBXBuildFile; fileRef = 3EDD515E24C3B766002C7220 /* Session+CoreDataClass.swift */; };
		3EDD516F24C3B766002C7220 /* Session+CoreDataProperties.swift in Sources */ = {isa = PBXBuildFile; fileRef = 3EDD515F24C3B766002C7220 /* Session+CoreDataProperties.swift */; };
		3EDD517024C3B766002C7220 /* Semester+CoreDataClass.swift in Sources */ = {isa = PBXBuildFile; fileRef = 3EDD516024C3B766002C7220 /* Semester+CoreDataClass.swift */; };
		3EDD517124C3B766002C7220 /* Semester+CoreDataProperties.swift in Sources */ = {isa = PBXBuildFile; fileRef = 3EDD516124C3B766002C7220 /* Semester+CoreDataProperties.swift */; };
		3EDD517424C3B766002C7220 /* Course+CoreDataClass.swift in Sources */ = {isa = PBXBuildFile; fileRef = 3EDD516424C3B766002C7220 /* Course+CoreDataClass.swift */; };
		3EDD517524C3B766002C7220 /* Course+CoreDataProperties.swift in Sources */ = {isa = PBXBuildFile; fileRef = 3EDD516524C3B766002C7220 /* Course+CoreDataProperties.swift */; };
		3EDD517624C3B766002C7220 /* Professor+CoreDataClass.swift in Sources */ = {isa = PBXBuildFile; fileRef = 3EDD516624C3B766002C7220 /* Professor+CoreDataClass.swift */; };
		3EDD517724C3B766002C7220 /* Professor+CoreDataProperties.swift in Sources */ = {isa = PBXBuildFile; fileRef = 3EDD516724C3B766002C7220 /* Professor+CoreDataProperties.swift */; };
/* End PBXBuildFile section */

/* Begin PBXFileReference section */
		3E606B2124C23DD700C76056 /* WashU Calendar.app */ = {isa = PBXFileReference; explicitFileType = wrapper.application; includeInIndex = 0; path = "WashU Calendar.app"; sourceTree = BUILT_PRODUCTS_DIR; };
		3E606B2424C23DD700C76056 /* AppDelegate.swift */ = {isa = PBXFileReference; lastKnownFileType = sourcecode.swift; path = AppDelegate.swift; sourceTree = "<group>"; };
		3E606B2624C23DD700C76056 /* SceneDelegate.swift */ = {isa = PBXFileReference; lastKnownFileType = sourcecode.swift; path = SceneDelegate.swift; sourceTree = "<group>"; };
		3E606B2824C23DD700C76056 /* ViewController.swift */ = {isa = PBXFileReference; lastKnownFileType = sourcecode.swift; path = ViewController.swift; sourceTree = "<group>"; };
		3E606B2B24C23DD700C76056 /* Base */ = {isa = PBXFileReference; lastKnownFileType = file.storyboard; name = Base; path = Base.lproj/Main.storyboard; sourceTree = "<group>"; };
		3E606B3024C23DDB00C76056 /* Assets.xcassets */ = {isa = PBXFileReference; lastKnownFileType = folder.assetcatalog; path = Assets.xcassets; sourceTree = "<group>"; };
		3E606B3324C23DDB00C76056 /* Base */ = {isa = PBXFileReference; lastKnownFileType = file.storyboard; name = Base; path = Base.lproj/LaunchScreen.storyboard; sourceTree = "<group>"; };
		3E606B3524C23DDB00C76056 /* Info.plist */ = {isa = PBXFileReference; lastKnownFileType = text.plist.xml; path = Info.plist; sourceTree = "<group>"; };
		5675CCF024C3095800EF9DB8 /* AddSthViewController.swift */ = {isa = PBXFileReference; lastKnownFileType = sourcecode.swift; path = AddSthViewController.swift; sourceTree = "<group>"; };
		5AEFAC5894007DA168DE690F /* Pods_WashU_Calendar.framework */ = {isa = PBXFileReference; explicitFileType = wrapper.framework; includeInIndex = 0; path = Pods_WashU_Calendar.framework; sourceTree = BUILT_PRODUCTS_DIR; };
		97AC65BB1A1E22DED4071930 /* Pods-WashU Calendar.release.xcconfig */ = {isa = PBXFileReference; includeInIndex = 1; lastKnownFileType = text.xcconfig; name = "Pods-WashU Calendar.release.xcconfig"; path = "Target Support Files/Pods-WashU Calendar/Pods-WashU Calendar.release.xcconfig"; sourceTree = "<group>"; };
		C60FB8946ED0C57F76ECC3D3 /* Pods-WashU Calendar.debug.xcconfig */ = {isa = PBXFileReference; includeInIndex = 1; lastKnownFileType = text.xcconfig; name = "Pods-WashU Calendar.debug.xcconfig"; path = "Target Support Files/Pods-WashU Calendar/Pods-WashU Calendar.debug.xcconfig"; sourceTree = "<group>"; };
		3E79816724C3BF770023BE89 /* School+CoreDataClass.swift */ = {isa = PBXFileReference; lastKnownFileType = sourcecode.swift; path = "School+CoreDataClass.swift"; sourceTree = "<group>"; };
		3E79816824C3BF770023BE89 /* School+CoreDataProperties.swift */ = {isa = PBXFileReference; lastKnownFileType = sourcecode.swift; path = "School+CoreDataProperties.swift"; sourceTree = "<group>"; };
		3E79816D24C3DB0C0023BE89 /* Attribute+CoreDataClass.swift */ = {isa = PBXFileReference; lastKnownFileType = sourcecode.swift; path = "Attribute+CoreDataClass.swift"; sourceTree = "<group>"; };
		3E79816E24C3DB0C0023BE89 /* Attribute+CoreDataProperties.swift */ = {isa = PBXFileReference; lastKnownFileType = sourcecode.swift; path = "Attribute+CoreDataProperties.swift"; sourceTree = "<group>"; };
		3E79817124C3E7430023BE89 /* Department+CoreDataClass.swift */ = {isa = PBXFileReference; lastKnownFileType = sourcecode.swift; path = "Department+CoreDataClass.swift"; sourceTree = "<group>"; };
		3E79817224C3E7430023BE89 /* Department+CoreDataProperties.swift */ = {isa = PBXFileReference; lastKnownFileType = sourcecode.swift; path = "Department+CoreDataProperties.swift"; sourceTree = "<group>"; };
		3E87BFEF24C4D04D00ADB2CF /* CoreDataController.swift */ = {isa = PBXFileReference; lastKnownFileType = sourcecode.swift; path = CoreDataController.swift; sourceTree = "<group>"; };
		3E87BFF124C4E52A00ADB2CF /* JsonController.swift */ = {isa = PBXFileReference; lastKnownFileType = sourcecode.swift; path = JsonController.swift; sourceTree = "<group>"; };
		3E87BFF324C4F07000ADB2CF /* JsonDataType.swift */ = {isa = PBXFileReference; lastKnownFileType = sourcecode.swift; path = JsonDataType.swift; sourceTree = "<group>"; };
		3EDD515624C38C88002C7220 /* EventCollectionViewCell.swift */ = {isa = PBXFileReference; lastKnownFileType = sourcecode.swift; path = EventCollectionViewCell.swift; sourceTree = "<group>"; };
		3EDD515A24C3B766002C7220 /* Event+CoreDataClass.swift */ = {isa = PBXFileReference; lastKnownFileType = sourcecode.swift; path = "Event+CoreDataClass.swift"; sourceTree = "<group>"; };
		3EDD515B24C3B766002C7220 /* Event+CoreDataProperties.swift */ = {isa = PBXFileReference; lastKnownFileType = sourcecode.swift; path = "Event+CoreDataProperties.swift"; sourceTree = "<group>"; };
		3EDD515E24C3B766002C7220 /* Session+CoreDataClass.swift */ = {isa = PBXFileReference; lastKnownFileType = sourcecode.swift; path = "Session+CoreDataClass.swift"; sourceTree = "<group>"; };
		3EDD515F24C3B766002C7220 /* Session+CoreDataProperties.swift */ = {isa = PBXFileReference; lastKnownFileType = sourcecode.swift; path = "Session+CoreDataProperties.swift"; sourceTree = "<group>"; };
		3EDD516024C3B766002C7220 /* Semester+CoreDataClass.swift */ = {isa = PBXFileReference; lastKnownFileType = sourcecode.swift; path = "Semester+CoreDataClass.swift"; sourceTree = "<group>"; };
		3EDD516124C3B766002C7220 /* Semester+CoreDataProperties.swift */ = {isa = PBXFileReference; lastKnownFileType = sourcecode.swift; path = "Semester+CoreDataProperties.swift"; sourceTree = "<group>"; };
		3EDD516424C3B766002C7220 /* Course+CoreDataClass.swift */ = {isa = PBXFileReference; lastKnownFileType = sourcecode.swift; path = "Course+CoreDataClass.swift"; sourceTree = "<group>"; };
		3EDD516524C3B766002C7220 /* Course+CoreDataProperties.swift */ = {isa = PBXFileReference; lastKnownFileType = sourcecode.swift; path = "Course+CoreDataProperties.swift"; sourceTree = "<group>"; };
		3EDD516624C3B766002C7220 /* Professor+CoreDataClass.swift */ = {isa = PBXFileReference; lastKnownFileType = sourcecode.swift; path = "Professor+CoreDataClass.swift"; sourceTree = "<group>"; };
		3EDD516724C3B766002C7220 /* Professor+CoreDataProperties.swift */ = {isa = PBXFileReference; lastKnownFileType = sourcecode.swift; path = "Professor+CoreDataProperties.swift"; sourceTree = "<group>"; };
/* End PBXFileReference section */

/* Begin PBXFrameworksBuildPhase section */
		3E606B1E24C23DD700C76056 /* Frameworks */ = {
			isa = PBXFrameworksBuildPhase;
			buildActionMask = 2147483647;
			files = (
				CF4B56E802C2012189B1BC5B /* Pods_WashU_Calendar.framework in Frameworks */,
			);
			runOnlyForDeploymentPostprocessing = 0;
		};
/* End PBXFrameworksBuildPhase section */

/* Begin PBXGroup section */
		3E606B1824C23DD700C76056 = {
			isa = PBXGroup;
			children = (
				3E606B2324C23DD700C76056 /* WashU Calendar */,
				3E606B2224C23DD700C76056 /* Products */,
				8EE5769BDD43C555B433C4E4 /* Pods */,
				6EF1F9E8DAE44B4BB9F7F5AB /* Frameworks */,
			);
			sourceTree = "<group>";
		};
		3E606B2224C23DD700C76056 /* Products */ = {
			isa = PBXGroup;
			children = (
				3E606B2124C23DD700C76056 /* WashU Calendar.app */,
			);
			name = Products;
			sourceTree = "<group>";
		};
		3E606B2324C23DD700C76056 /* WashU Calendar */ = {
			isa = PBXGroup;
			children = (
				3E606B3B24C23DF700C76056 /* Storyboard */,
				3EDD515524C38C40002C7220 /* View */,
				3E606B3C24C23E0D00C76056 /* Delegate */,
				3E606B3D24C23E2E00C76056 /* Data */,
				3E87BFF524C4F09600ADB2CF /* JSON */,
				3E606B3024C23DDB00C76056 /* Assets.xcassets */,
				3E606B3524C23DDB00C76056 /* Info.plist */,
			);
			path = "WashU Calendar";
			sourceTree = "<group>";
		};
		3E606B3B24C23DF700C76056 /* Storyboard */ = {
			isa = PBXGroup;
			children = (
				3E606B2A24C23DD700C76056 /* Main.storyboard */,
				3E606B2824C23DD700C76056 /* ViewController.swift */,
				5675CCF024C3095800EF9DB8 /* AddSthViewController.swift */,
				3E606B3224C23DDB00C76056 /* LaunchScreen.storyboard */,
			);
			path = Storyboard;
			sourceTree = "<group>";
		};
		3E606B3C24C23E0D00C76056 /* Delegate */ = {
			isa = PBXGroup;
			children = (
				3E606B2424C23DD700C76056 /* AppDelegate.swift */,
				3E606B2624C23DD700C76056 /* SceneDelegate.swift */,
			);
			path = Delegate;
			sourceTree = "<group>";
		};
		3E606B3D24C23E2E00C76056 /* Data */ = {
			isa = PBXGroup;
			children = (
				3E87BFEF24C4D04D00ADB2CF /* CoreDataController.swift */,
				3E606B2D24C23DD700C76056 /* WashU_Calendar.xcdatamodeld */,
				3E79816724C3BF770023BE89 /* School+CoreDataClass.swift */,
				3E79816824C3BF770023BE89 /* School+CoreDataProperties.swift */,
				3E79817124C3E7430023BE89 /* Department+CoreDataClass.swift */,
				3E79817224C3E7430023BE89 /* Department+CoreDataProperties.swift */,
				3EDD516424C3B766002C7220 /* Course+CoreDataClass.swift */,
				3EDD516524C3B766002C7220 /* Course+CoreDataProperties.swift */,
				3EDD515A24C3B766002C7220 /* Event+CoreDataClass.swift */,
				3EDD515B24C3B766002C7220 /* Event+CoreDataProperties.swift */,
				3EDD516024C3B766002C7220 /* Semester+CoreDataClass.swift */,
				3EDD516124C3B766002C7220 /* Semester+CoreDataProperties.swift */,
				3EDD515E24C3B766002C7220 /* Session+CoreDataClass.swift */,
				3EDD515F24C3B766002C7220 /* Session+CoreDataProperties.swift */,
				3EDD516624C3B766002C7220 /* Professor+CoreDataClass.swift */,
				3EDD516724C3B766002C7220 /* Professor+CoreDataProperties.swift */,
				3E79816D24C3DB0C0023BE89 /* Attribute+CoreDataClass.swift */,
				3E79816E24C3DB0C0023BE89 /* Attribute+CoreDataProperties.swift */,
			);
			path = Data;
			sourceTree = "<group>";
		};

		6EF1F9E8DAE44B4BB9F7F5AB /* Frameworks */ = {
			isa = PBXGroup;
			children = (
				5AEFAC5894007DA168DE690F /* Pods_WashU_Calendar.framework */,
			);
			name = Frameworks;
			sourceTree = "<group>";
		};
		8EE5769BDD43C555B433C4E4 /* Pods */ = {
			isa = PBXGroup;
			children = (
				C60FB8946ED0C57F76ECC3D3 /* Pods-WashU Calendar.debug.xcconfig */,
				97AC65BB1A1E22DED4071930 /* Pods-WashU Calendar.release.xcconfig */,
			);
			path = Pods;
		3E87BFF524C4F09600ADB2CF /* JSON */ = {
			isa = PBXGroup;
			children = (
				3E87BFF124C4E52A00ADB2CF /* JsonController.swift */,
				3E87BFF324C4F07000ADB2CF /* JsonDataType.swift */,
			);
			path = JSON;
			sourceTree = "<group>";
		};
		3EDD515524C38C40002C7220 /* View */ = {
			isa = PBXGroup;
			children = (
				3EDD515624C38C88002C7220 /* EventCollectionViewCell.swift */,
			);
			path = View;
			sourceTree = "<group>";
		};
/* End PBXGroup section */

/* Begin PBXNativeTarget section */
		3E606B2024C23DD700C76056 /* WashU Calendar */ = {
			isa = PBXNativeTarget;
			buildConfigurationList = 3E606B3824C23DDB00C76056 /* Build configuration list for PBXNativeTarget "WashU Calendar" */;
			buildPhases = (
				AE195A732C25CA16C95AA18A /* [CP] Check Pods Manifest.lock */,
				3E606B1D24C23DD700C76056 /* Sources */,
				3E606B1E24C23DD700C76056 /* Frameworks */,
				3E606B1F24C23DD700C76056 /* Resources */,
				EB19A869F23D36F82F5790FB /* [CP] Embed Pods Frameworks */,
			);
			buildRules = (
			);
			dependencies = (
			);
			name = "WashU Calendar";
			productName = "WashU Calendar";
			productReference = 3E606B2124C23DD700C76056 /* WashU Calendar.app */;
			productType = "com.apple.product-type.application";
		};
/* End PBXNativeTarget section */

/* Begin PBXProject section */
		3E606B1924C23DD700C76056 /* Project object */ = {
			isa = PBXProject;
			attributes = {
				LastSwiftUpdateCheck = 1160;
				LastUpgradeCheck = 1160;
				ORGANIZATIONNAME = washu;
				TargetAttributes = {
					3E606B2024C23DD700C76056 = {
						CreatedOnToolsVersion = 11.6;
					};
				};
			};
			buildConfigurationList = 3E606B1C24C23DD700C76056 /* Build configuration list for PBXProject "WashU Calendar" */;
			compatibilityVersion = "Xcode 9.3";
			developmentRegion = en;
			hasScannedForEncodings = 0;
			knownRegions = (
				en,
				Base,
			);
			mainGroup = 3E606B1824C23DD700C76056;
			productRefGroup = 3E606B2224C23DD700C76056 /* Products */;
			projectDirPath = "";
			projectRoot = "";
			targets = (
				3E606B2024C23DD700C76056 /* WashU Calendar */,
			);
		};
/* End PBXProject section */

/* Begin PBXResourcesBuildPhase section */
		3E606B1F24C23DD700C76056 /* Resources */ = {
			isa = PBXResourcesBuildPhase;
			buildActionMask = 2147483647;
			files = (
				3E606B3424C23DDB00C76056 /* LaunchScreen.storyboard in Resources */,
				3E606B3124C23DDB00C76056 /* Assets.xcassets in Resources */,
				3E606B2C24C23DD700C76056 /* Main.storyboard in Resources */,
			);
			runOnlyForDeploymentPostprocessing = 0;
		};
/* End PBXResourcesBuildPhase section */

/* Begin PBXShellScriptBuildPhase section */
		AE195A732C25CA16C95AA18A /* [CP] Check Pods Manifest.lock */ = {
			isa = PBXShellScriptBuildPhase;
			buildActionMask = 2147483647;
			files = (
			);
			inputFileListPaths = (
			);
			inputPaths = (
				"${PODS_PODFILE_DIR_PATH}/Podfile.lock",
				"${PODS_ROOT}/Manifest.lock",
			);
			name = "[CP] Check Pods Manifest.lock";
			outputFileListPaths = (
			);
			outputPaths = (
				"$(DERIVED_FILE_DIR)/Pods-WashU Calendar-checkManifestLockResult.txt",
			);
			runOnlyForDeploymentPostprocessing = 0;
			shellPath = /bin/sh;
			shellScript = "diff \"${PODS_PODFILE_DIR_PATH}/Podfile.lock\" \"${PODS_ROOT}/Manifest.lock\" > /dev/null\nif [ $? != 0 ] ; then\n    # print error to STDERR\n    echo \"error: The sandbox is not in sync with the Podfile.lock. Run 'pod install' or update your CocoaPods installation.\" >&2\n    exit 1\nfi\n# This output is used by Xcode 'outputs' to avoid re-running this script phase.\necho \"SUCCESS\" > \"${SCRIPT_OUTPUT_FILE_0}\"\n";
			showEnvVarsInLog = 0;
		};
		EB19A869F23D36F82F5790FB /* [CP] Embed Pods Frameworks */ = {
			isa = PBXShellScriptBuildPhase;
			buildActionMask = 2147483647;
			files = (
			);
			inputFileListPaths = (
				"${PODS_ROOT}/Target Support Files/Pods-WashU Calendar/Pods-WashU Calendar-frameworks-${CONFIGURATION}-input-files.xcfilelist",
			);
			name = "[CP] Embed Pods Frameworks";
			outputFileListPaths = (
				"${PODS_ROOT}/Target Support Files/Pods-WashU Calendar/Pods-WashU Calendar-frameworks-${CONFIGURATION}-output-files.xcfilelist",
			);
			runOnlyForDeploymentPostprocessing = 0;
			shellPath = /bin/sh;
			shellScript = "\"${PODS_ROOT}/Target Support Files/Pods-WashU Calendar/Pods-WashU Calendar-frameworks.sh\"\n";
			showEnvVarsInLog = 0;
		};
/* End PBXShellScriptBuildPhase section */

/* Begin PBXSourcesBuildPhase section */
		3E606B1D24C23DD700C76056 /* Sources */ = {
			isa = PBXSourcesBuildPhase;
			buildActionMask = 2147483647;
			files = (
				3EDD517424C3B766002C7220 /* Course+CoreDataClass.swift in Sources */,
				3EDD517524C3B766002C7220 /* Course+CoreDataProperties.swift in Sources */,
				3EDD516B24C3B766002C7220 /* Event+CoreDataProperties.swift in Sources */,
				3E87BFF424C4F07000ADB2CF /* JsonDataType.swift in Sources */,
				3EDD515724C38C88002C7220 /* EventCollectionViewCell.swift in Sources */,
				3EDD516E24C3B766002C7220 /* Session+CoreDataClass.swift in Sources */,
				3E79817324C3E7430023BE89 /* Department+CoreDataClass.swift in Sources */,
				3E87BFF224C4E52A00ADB2CF /* JsonController.swift in Sources */,
				3E606B2F24C23DD700C76056 /* WashU_Calendar.xcdatamodeld in Sources */,
				3EDD516A24C3B766002C7220 /* Event+CoreDataClass.swift in Sources */,
				3EDD517724C3B766002C7220 /* Professor+CoreDataProperties.swift in Sources */,
				3E79816A24C3BF770023BE89 /* School+CoreDataProperties.swift in Sources */,
				3E79816924C3BF770023BE89 /* School+CoreDataClass.swift in Sources */,
				3EDD517124C3B766002C7220 /* Semester+CoreDataProperties.swift in Sources */,
				3E606B2924C23DD700C76056 /* ViewController.swift in Sources */,
				3E79816F24C3DB0C0023BE89 /* Attribute+CoreDataClass.swift in Sources */,
				3EDD517024C3B766002C7220 /* Semester+CoreDataClass.swift in Sources */,
				3EDD516F24C3B766002C7220 /* Session+CoreDataProperties.swift in Sources */,
				3EDD517624C3B766002C7220 /* Professor+CoreDataClass.swift in Sources */,
				3E606B2524C23DD700C76056 /* AppDelegate.swift in Sources */,
				3E87BFF024C4D04D00ADB2CF /* CoreDataController.swift in Sources */,
				3E606B2724C23DD700C76056 /* SceneDelegate.swift in Sources */,
				3E79817424C3E7430023BE89 /* Department+CoreDataProperties.swift in Sources */,
				3E79817024C3DB0C0023BE89 /* Attribute+CoreDataProperties.swift in Sources */,
			);
			runOnlyForDeploymentPostprocessing = 0;
		};
/* End PBXSourcesBuildPhase section */

/* Begin PBXVariantGroup section */
		3E606B2A24C23DD700C76056 /* Main.storyboard */ = {
			isa = PBXVariantGroup;
			children = (
				3E606B2B24C23DD700C76056 /* Base */,
			);
			name = Main.storyboard;
			sourceTree = "<group>";
		};
		3E606B3224C23DDB00C76056 /* LaunchScreen.storyboard */ = {
			isa = PBXVariantGroup;
			children = (
				3E606B3324C23DDB00C76056 /* Base */,
			);
			name = LaunchScreen.storyboard;
			sourceTree = "<group>";
		};
/* End PBXVariantGroup section */

/* Begin XCBuildConfiguration section */
		3E606B3624C23DDB00C76056 /* Debug */ = {
			isa = XCBuildConfiguration;
			buildSettings = {
				ALWAYS_SEARCH_USER_PATHS = NO;
				CLANG_ANALYZER_NONNULL = YES;
				CLANG_ANALYZER_NUMBER_OBJECT_CONVERSION = YES_AGGRESSIVE;
				CLANG_CXX_LANGUAGE_STANDARD = "gnu++14";
				CLANG_CXX_LIBRARY = "libc++";
				CLANG_ENABLE_MODULES = YES;
				CLANG_ENABLE_OBJC_ARC = YES;
				CLANG_ENABLE_OBJC_WEAK = YES;
				CLANG_WARN_BLOCK_CAPTURE_AUTORELEASING = YES;
				CLANG_WARN_BOOL_CONVERSION = YES;
				CLANG_WARN_COMMA = YES;
				CLANG_WARN_CONSTANT_CONVERSION = YES;
				CLANG_WARN_DEPRECATED_OBJC_IMPLEMENTATIONS = YES;
				CLANG_WARN_DIRECT_OBJC_ISA_USAGE = YES_ERROR;
				CLANG_WARN_DOCUMENTATION_COMMENTS = YES;
				CLANG_WARN_EMPTY_BODY = YES;
				CLANG_WARN_ENUM_CONVERSION = YES;
				CLANG_WARN_INFINITE_RECURSION = YES;
				CLANG_WARN_INT_CONVERSION = YES;
				CLANG_WARN_NON_LITERAL_NULL_CONVERSION = YES;
				CLANG_WARN_OBJC_IMPLICIT_RETAIN_SELF = YES;
				CLANG_WARN_OBJC_LITERAL_CONVERSION = YES;
				CLANG_WARN_OBJC_ROOT_CLASS = YES_ERROR;
				CLANG_WARN_RANGE_LOOP_ANALYSIS = YES;
				CLANG_WARN_STRICT_PROTOTYPES = YES;
				CLANG_WARN_SUSPICIOUS_MOVE = YES;
				CLANG_WARN_UNGUARDED_AVAILABILITY = YES_AGGRESSIVE;
				CLANG_WARN_UNREACHABLE_CODE = YES;
				CLANG_WARN__DUPLICATE_METHOD_MATCH = YES;
				COPY_PHASE_STRIP = NO;
				DEBUG_INFORMATION_FORMAT = dwarf;
				ENABLE_STRICT_OBJC_MSGSEND = YES;
				ENABLE_TESTABILITY = YES;
				GCC_C_LANGUAGE_STANDARD = gnu11;
				GCC_DYNAMIC_NO_PIC = NO;
				GCC_NO_COMMON_BLOCKS = YES;
				GCC_OPTIMIZATION_LEVEL = 0;
				GCC_PREPROCESSOR_DEFINITIONS = (
					"DEBUG=1",
					"$(inherited)",
				);
				GCC_WARN_64_TO_32_BIT_CONVERSION = YES;
				GCC_WARN_ABOUT_RETURN_TYPE = YES_ERROR;
				GCC_WARN_UNDECLARED_SELECTOR = YES;
				GCC_WARN_UNINITIALIZED_AUTOS = YES_AGGRESSIVE;
				GCC_WARN_UNUSED_FUNCTION = YES;
				GCC_WARN_UNUSED_VARIABLE = YES;
				IPHONEOS_DEPLOYMENT_TARGET = 13.6;
				MTL_ENABLE_DEBUG_INFO = INCLUDE_SOURCE;
				MTL_FAST_MATH = YES;
				ONLY_ACTIVE_ARCH = YES;
				SDKROOT = iphoneos;
				SWIFT_ACTIVE_COMPILATION_CONDITIONS = DEBUG;
				SWIFT_OPTIMIZATION_LEVEL = "-Onone";
			};
			name = Debug;
		};
		3E606B3724C23DDB00C76056 /* Release */ = {
			isa = XCBuildConfiguration;
			buildSettings = {
				ALWAYS_SEARCH_USER_PATHS = NO;
				CLANG_ANALYZER_NONNULL = YES;
				CLANG_ANALYZER_NUMBER_OBJECT_CONVERSION = YES_AGGRESSIVE;
				CLANG_CXX_LANGUAGE_STANDARD = "gnu++14";
				CLANG_CXX_LIBRARY = "libc++";
				CLANG_ENABLE_MODULES = YES;
				CLANG_ENABLE_OBJC_ARC = YES;
				CLANG_ENABLE_OBJC_WEAK = YES;
				CLANG_WARN_BLOCK_CAPTURE_AUTORELEASING = YES;
				CLANG_WARN_BOOL_CONVERSION = YES;
				CLANG_WARN_COMMA = YES;
				CLANG_WARN_CONSTANT_CONVERSION = YES;
				CLANG_WARN_DEPRECATED_OBJC_IMPLEMENTATIONS = YES;
				CLANG_WARN_DIRECT_OBJC_ISA_USAGE = YES_ERROR;
				CLANG_WARN_DOCUMENTATION_COMMENTS = YES;
				CLANG_WARN_EMPTY_BODY = YES;
				CLANG_WARN_ENUM_CONVERSION = YES;
				CLANG_WARN_INFINITE_RECURSION = YES;
				CLANG_WARN_INT_CONVERSION = YES;
				CLANG_WARN_NON_LITERAL_NULL_CONVERSION = YES;
				CLANG_WARN_OBJC_IMPLICIT_RETAIN_SELF = YES;
				CLANG_WARN_OBJC_LITERAL_CONVERSION = YES;
				CLANG_WARN_OBJC_ROOT_CLASS = YES_ERROR;
				CLANG_WARN_RANGE_LOOP_ANALYSIS = YES;
				CLANG_WARN_STRICT_PROTOTYPES = YES;
				CLANG_WARN_SUSPICIOUS_MOVE = YES;
				CLANG_WARN_UNGUARDED_AVAILABILITY = YES_AGGRESSIVE;
				CLANG_WARN_UNREACHABLE_CODE = YES;
				CLANG_WARN__DUPLICATE_METHOD_MATCH = YES;
				COPY_PHASE_STRIP = NO;
				DEBUG_INFORMATION_FORMAT = "dwarf-with-dsym";
				ENABLE_NS_ASSERTIONS = NO;
				ENABLE_STRICT_OBJC_MSGSEND = YES;
				GCC_C_LANGUAGE_STANDARD = gnu11;
				GCC_NO_COMMON_BLOCKS = YES;
				GCC_WARN_64_TO_32_BIT_CONVERSION = YES;
				GCC_WARN_ABOUT_RETURN_TYPE = YES_ERROR;
				GCC_WARN_UNDECLARED_SELECTOR = YES;
				GCC_WARN_UNINITIALIZED_AUTOS = YES_AGGRESSIVE;
				GCC_WARN_UNUSED_FUNCTION = YES;
				GCC_WARN_UNUSED_VARIABLE = YES;
				IPHONEOS_DEPLOYMENT_TARGET = 13.6;
				MTL_ENABLE_DEBUG_INFO = NO;
				MTL_FAST_MATH = YES;
				SDKROOT = iphoneos;
				SWIFT_COMPILATION_MODE = wholemodule;
				SWIFT_OPTIMIZATION_LEVEL = "-O";
				VALIDATE_PRODUCT = YES;
			};
			name = Release;
		};
		3E606B3924C23DDB00C76056 /* Debug */ = {
			isa = XCBuildConfiguration;
			baseConfigurationReference = C60FB8946ED0C57F76ECC3D3 /* Pods-WashU Calendar.debug.xcconfig */;
			buildSettings = {
				ASSETCATALOG_COMPILER_APPICON_NAME = AppIcon;
				CODE_SIGN_STYLE = Automatic;
				DEVELOPMENT_TEAM = "";
				INFOPLIST_FILE = "WashU Calendar/Info.plist";
				IPHONEOS_DEPLOYMENT_TARGET = 13.5;
				LD_RUNPATH_SEARCH_PATHS = (
					"$(inherited)",
					"@executable_path/Frameworks",
				);
				PRODUCT_BUNDLE_IDENTIFIER = "edu.washu.WashU-Calendar";
				PRODUCT_NAME = "$(TARGET_NAME)";
				SWIFT_VERSION = 5.0;
				TARGETED_DEVICE_FAMILY = "1,2";
			};
			name = Debug;
		};
		3E606B3A24C23DDB00C76056 /* Release */ = {
			isa = XCBuildConfiguration;
			baseConfigurationReference = 97AC65BB1A1E22DED4071930 /* Pods-WashU Calendar.release.xcconfig */;
			buildSettings = {
				ASSETCATALOG_COMPILER_APPICON_NAME = AppIcon;
				CODE_SIGN_STYLE = Automatic;
				DEVELOPMENT_TEAM = "";
				INFOPLIST_FILE = "WashU Calendar/Info.plist";
				IPHONEOS_DEPLOYMENT_TARGET = 13.5;
				LD_RUNPATH_SEARCH_PATHS = (
					"$(inherited)",
					"@executable_path/Frameworks",
				);
				PRODUCT_BUNDLE_IDENTIFIER = "edu.washu.WashU-Calendar";
				PRODUCT_NAME = "$(TARGET_NAME)";
				SWIFT_VERSION = 5.0;
				TARGETED_DEVICE_FAMILY = "1,2";
			};
			name = Release;
		};
/* End XCBuildConfiguration section */

/* Begin XCConfigurationList section */
		3E606B1C24C23DD700C76056 /* Build configuration list for PBXProject "WashU Calendar" */ = {
			isa = XCConfigurationList;
			buildConfigurations = (
				3E606B3624C23DDB00C76056 /* Debug */,
				3E606B3724C23DDB00C76056 /* Release */,
			);
			defaultConfigurationIsVisible = 0;
			defaultConfigurationName = Release;
		};
		3E606B3824C23DDB00C76056 /* Build configuration list for PBXNativeTarget "WashU Calendar" */ = {
			isa = XCConfigurationList;
			buildConfigurations = (
				3E606B3924C23DDB00C76056 /* Debug */,
				3E606B3A24C23DDB00C76056 /* Release */,
			);
			defaultConfigurationIsVisible = 0;
			defaultConfigurationName = Release;
		};
/* End XCConfigurationList section */

/* Begin XCVersionGroup section */
		5675CCFE24C3F40500EF9DB8 /* WashU_Calendar.xcdatamodeld */ = {
			isa = XCVersionGroup;
			children = (
				5675CCFF24C3F40500EF9DB8 /* WashU_Calendar.xcdatamodel */,
			);
			currentVersion = 5675CCFF24C3F40500EF9DB8 /* WashU_Calendar.xcdatamodel */;
			name = WashU_Calendar.xcdatamodeld;
			path = "../../../../../Library/Containers/com.tencent.xinWeChat/Data/Library/Application Support/com.tencent.xinWeChat/2.0b4.0.9/e28a96f20425eb77f420065451e9d3a6/Message/MessageTemp/cebeee4ebdcf1a3f4aced7a69d9e8c6d/File/WashU Calendar/WashU Calendar/Data/WashU_Calendar.xcdatamodeld";
			sourceTree = "<group>";
			versionGroupType = wrapper.xcdatamodel;
		};
/* End XCVersionGroup section */
	};
	rootObject = 3E606B1924C23DD700C76056 /* Project object */;
}
