// !$*UTF8*$!
{
	archiveVersion = 1;
	classes = {
	};
	objectVersion = 50;
	objects = {

/* Begin PBXBuildFile section */
		3E606B2524C23DD700C76056 /* AppDelegate.swift in Sources */ = {isa = PBXBuildFile; fileRef = 3E606B2424C23DD700C76056 /* AppDelegate.swift */; };
		3E606B2724C23DD700C76056 /* SceneDelegate.swift in Sources */ = {isa = PBXBuildFile; fileRef = 3E606B2624C23DD700C76056 /* SceneDelegate.swift */; };
		3E606B2924C23DD700C76056 /* ListViewController.swift in Sources */ = {isa = PBXBuildFile; fileRef = 3E606B2824C23DD700C76056 /* ListViewController.swift */; };
		3E606B2C24C23DD700C76056 /* Main.storyboard in Resources */ = {isa = PBXBuildFile; fileRef = 3E606B2A24C23DD700C76056 /* Main.storyboard */; };
		3E606B2F24C23DD700C76056 /* WashU_Calendar.xcdatamodeld in Sources */ = {isa = PBXBuildFile; fileRef = 3E606B2D24C23DD700C76056 /* WashU_Calendar.xcdatamodeld */; };
		3E606B3124C23DDB00C76056 /* Assets.xcassets in Resources */ = {isa = PBXBuildFile; fileRef = 3E606B3024C23DDB00C76056 /* Assets.xcassets */; };
		3E606B3424C23DDB00C76056 /* LaunchScreen.storyboard in Resources */ = {isa = PBXBuildFile; fileRef = 3E606B3224C23DDB00C76056 /* LaunchScreen.storyboard */; };
		3E62CF8E24C87F2000D8D38A /* AddCourseViewController.swift in Sources */ = {isa = PBXBuildFile; fileRef = 3E62CF8D24C87F2000D8D38A /* AddCourseViewController.swift */; };
		3E66184824C5957D008A57C8 /* HeaderCollectionReusableView.swift in Sources */ = {isa = PBXBuildFile; fileRef = 3E66184724C5957D008A57C8 /* HeaderCollectionReusableView.swift */; };
		3E79816924C3BF770023BE89 /* School+CoreDataClass.swift in Sources */ = {isa = PBXBuildFile; fileRef = 3E79816724C3BF770023BE89 /* School+CoreDataClass.swift */; };
		3E79816A24C3BF770023BE89 /* School+CoreDataProperties.swift in Sources */ = {isa = PBXBuildFile; fileRef = 3E79816824C3BF770023BE89 /* School+CoreDataProperties.swift */; };
		3E79816F24C3DB0C0023BE89 /* Attribute+CoreDataClass.swift in Sources */ = {isa = PBXBuildFile; fileRef = 3E79816D24C3DB0C0023BE89 /* Attribute+CoreDataClass.swift */; };
		3E79817024C3DB0C0023BE89 /* Attribute+CoreDataProperties.swift in Sources */ = {isa = PBXBuildFile; fileRef = 3E79816E24C3DB0C0023BE89 /* Attribute+CoreDataProperties.swift */; };
		3E79817324C3E7430023BE89 /* Department+CoreDataClass.swift in Sources */ = {isa = PBXBuildFile; fileRef = 3E79817124C3E7430023BE89 /* Department+CoreDataClass.swift */; };
		3E79817424C3E7430023BE89 /* Department+CoreDataProperties.swift in Sources */ = {isa = PBXBuildFile; fileRef = 3E79817224C3E7430023BE89 /* Department+CoreDataProperties.swift */; };
		3E87BFF024C4D04D00ADB2CF /* CoreDataController.swift in Sources */ = {isa = PBXBuildFile; fileRef = 3E87BFEF24C4D04D00ADB2CF /* CoreDataController.swift */; };
		3E87BFF224C4E52A00ADB2CF /* JsonController.swift in Sources */ = {isa = PBXBuildFile; fileRef = 3E87BFF124C4E52A00ADB2CF /* JsonController.swift */; };
		3E87BFF424C4F07000ADB2CF /* JsonDataType.swift in Sources */ = {isa = PBXBuildFile; fileRef = 3E87BFF324C4F07000ADB2CF /* JsonDataType.swift */; };
		3EBB55F024C797DC004DFB5D /* DayViewController.swift in Sources */ = {isa = PBXBuildFile; fileRef = 3EBB55EF24C797DC004DFB5D /* DayViewController.swift */; };
		3EBB55F224C798F4004DFB5D /* DayCollectionViewCell.swift in Sources */ = {isa = PBXBuildFile; fileRef = 3EBB55F124C798F4004DFB5D /* DayCollectionViewCell.swift */; };
		3EBB55FA24C7E603004DFB5D /* Event+CoreDataClass.swift in Sources */ = {isa = PBXBuildFile; fileRef = 3EBB55F624C7E603004DFB5D /* Event+CoreDataClass.swift */; };
		3EBB55FB24C7E603004DFB5D /* Event+CoreDataProperties.swift in Sources */ = {isa = PBXBuildFile; fileRef = 3EBB55F724C7E603004DFB5D /* Event+CoreDataProperties.swift */; };
		3EBB55FE24C7E6AB004DFB5D /* Section+CoreDataClass.swift in Sources */ = {isa = PBXBuildFile; fileRef = 3EBB55FC24C7E6AB004DFB5D /* Section+CoreDataClass.swift */; };
		3EBB55FF24C7E6AB004DFB5D /* Section+CoreDataProperties.swift in Sources */ = {isa = PBXBuildFile; fileRef = 3EBB55FD24C7E6AB004DFB5D /* Section+CoreDataProperties.swift */; };
		3EDD515724C38C88002C7220 /* EventCollectionViewCell.swift in Sources */ = {isa = PBXBuildFile; fileRef = 3EDD515624C38C88002C7220 /* EventCollectionViewCell.swift */; };
		3EDD516E24C3B766002C7220 /* Session+CoreDataClass.swift in Sources */ = {isa = PBXBuildFile; fileRef = 3EDD515E24C3B766002C7220 /* Session+CoreDataClass.swift */; };
		3EDD516F24C3B766002C7220 /* Session+CoreDataProperties.swift in Sources */ = {isa = PBXBuildFile; fileRef = 3EDD515F24C3B766002C7220 /* Session+CoreDataProperties.swift */; };
		3EDD517024C3B766002C7220 /* Semester+CoreDataClass.swift in Sources */ = {isa = PBXBuildFile; fileRef = 3EDD516024C3B766002C7220 /* Semester+CoreDataClass.swift */; };
		3EDD517124C3B766002C7220 /* Semester+CoreDataProperties.swift in Sources */ = {isa = PBXBuildFile; fileRef = 3EDD516124C3B766002C7220 /* Semester+CoreDataProperties.swift */; };
		3EDD517424C3B766002C7220 /* Course+CoreDataClass.swift in Sources */ = {isa = PBXBuildFile; fileRef = 3EDD516424C3B766002C7220 /* Course+CoreDataClass.swift */; };
		3EDD517524C3B766002C7220 /* Course+CoreDataProperties.swift in Sources */ = {isa = PBXBuildFile; fileRef = 3EDD516524C3B766002C7220 /* Course+CoreDataProperties.swift */; };
		3EDD517624C3B766002C7220 /* Professor+CoreDataClass.swift in Sources */ = {isa = PBXBuildFile; fileRef = 3EDD516624C3B766002C7220 /* Professor+CoreDataClass.swift */; };
		3EDD517724C3B766002C7220 /* Professor+CoreDataProperties.swift in Sources */ = {isa = PBXBuildFile; fileRef = 3EDD516724C3B766002C7220 /* Professor+CoreDataProperties.swift */; };
/* End PBXBuildFile section */

/* Begin PBXFileReference section */
		3E606B2124C23DD700C76056 /* WashU Calendar.app */ = {isa = PBXFileReference; explicitFileType = wrapper.application; includeInIndex = 0; path = "WashU Calendar.app"; sourceTree = BUILT_PRODUCTS_DIR; };
		3E606B2424C23DD700C76056 /* AppDelegate.swift */ = {isa = PBXFileReference; lastKnownFileType = sourcecode.swift; path = AppDelegate.swift; sourceTree = "<group>"; };
		3E606B2624C23DD700C76056 /* SceneDelegate.swift */ = {isa = PBXFileReference; lastKnownFileType = sourcecode.swift; path = SceneDelegate.swift; sourceTree = "<group>"; };
		3E606B2824C23DD700C76056 /* ListViewController.swift */ = {isa = PBXFileReference; lastKnownFileType = sourcecode.swift; path = ListViewController.swift; sourceTree = "<group>"; };
		3E606B2B24C23DD700C76056 /* Base */ = {isa = PBXFileReference; lastKnownFileType = file.storyboard; name = Base; path = Base.lproj/Main.storyboard; sourceTree = "<group>"; };
		3E606B2E24C23DD700C76056 /* WashU_Calendar.xcdatamodel */ = {isa = PBXFileReference; lastKnownFileType = wrapper.xcdatamodel; path = WashU_Calendar.xcdatamodel; sourceTree = "<group>"; };
		3E606B3024C23DDB00C76056 /* Assets.xcassets */ = {isa = PBXFileReference; lastKnownFileType = folder.assetcatalog; path = Assets.xcassets; sourceTree = "<group>"; };
		3E606B3324C23DDB00C76056 /* Base */ = {isa = PBXFileReference; lastKnownFileType = file.storyboard; name = Base; path = Base.lproj/LaunchScreen.storyboard; sourceTree = "<group>"; };
		3E606B3524C23DDB00C76056 /* Info.plist */ = {isa = PBXFileReference; lastKnownFileType = text.plist.xml; path = Info.plist; sourceTree = "<group>"; };
		3E62CF8D24C87F2000D8D38A /* AddCourseViewController.swift */ = {isa = PBXFileReference; lastKnownFileType = sourcecode.swift; path = AddCourseViewController.swift; sourceTree = "<group>"; };
		3E66184724C5957D008A57C8 /* HeaderCollectionReusableView.swift */ = {isa = PBXFileReference; fileEncoding = 4; lastKnownFileType = sourcecode.swift; path = HeaderCollectionReusableView.swift; sourceTree = "<group>"; };
		3E79816724C3BF770023BE89 /* School+CoreDataClass.swift */ = {isa = PBXFileReference; lastKnownFileType = sourcecode.swift; path = "School+CoreDataClass.swift"; sourceTree = "<group>"; };
		3E79816824C3BF770023BE89 /* School+CoreDataProperties.swift */ = {isa = PBXFileReference; lastKnownFileType = sourcecode.swift; path = "School+CoreDataProperties.swift"; sourceTree = "<group>"; };
		3E79816D24C3DB0C0023BE89 /* Attribute+CoreDataClass.swift */ = {isa = PBXFileReference; lastKnownFileType = sourcecode.swift; path = "Attribute+CoreDataClass.swift"; sourceTree = "<group>"; };
		3E79816E24C3DB0C0023BE89 /* Attribute+CoreDataProperties.swift */ = {isa = PBXFileReference; lastKnownFileType = sourcecode.swift; path = "Attribute+CoreDataProperties.swift"; sourceTree = "<group>"; };
		3E79817124C3E7430023BE89 /* Department+CoreDataClass.swift */ = {isa = PBXFileReference; lastKnownFileType = sourcecode.swift; path = "Department+CoreDataClass.swift"; sourceTree = "<group>"; };
		3E79817224C3E7430023BE89 /* Department+CoreDataProperties.swift */ = {isa = PBXFileReference; lastKnownFileType = sourcecode.swift; path = "Department+CoreDataProperties.swift"; sourceTree = "<group>"; };
		3E87BFEF24C4D04D00ADB2CF /* CoreDataController.swift */ = {isa = PBXFileReference; lastKnownFileType = sourcecode.swift; path = CoreDataController.swift; sourceTree = "<group>"; };
		3E87BFF124C4E52A00ADB2CF /* JsonController.swift */ = {isa = PBXFileReference; lastKnownFileType = sourcecode.swift; path = JsonController.swift; sourceTree = "<group>"; };
		3E87BFF324C4F07000ADB2CF /* JsonDataType.swift */ = {isa = PBXFileReference; lastKnownFileType = sourcecode.swift; path = JsonDataType.swift; sourceTree = "<group>"; };
		3EBB55EF24C797DC004DFB5D /* DayViewController.swift */ = {isa = PBXFileReference; lastKnownFileType = sourcecode.swift; path = DayViewController.swift; sourceTree = "<group>"; };
		3EBB55F124C798F4004DFB5D /* DayCollectionViewCell.swift */ = {isa = PBXFileReference; lastKnownFileType = sourcecode.swift; path = DayCollectionViewCell.swift; sourceTree = "<group>"; };
		3EBB55F624C7E603004DFB5D /* Event+CoreDataClass.swift */ = {isa = PBXFileReference; lastKnownFileType = sourcecode.swift; path = "Event+CoreDataClass.swift"; sourceTree = "<group>"; };
		3EBB55F724C7E603004DFB5D /* Event+CoreDataProperties.swift */ = {isa = PBXFileReference; lastKnownFileType = sourcecode.swift; path = "Event+CoreDataProperties.swift"; sourceTree = "<group>"; };
		3EBB55FC24C7E6AB004DFB5D /* Section+CoreDataClass.swift */ = {isa = PBXFileReference; lastKnownFileType = sourcecode.swift; path = "Section+CoreDataClass.swift"; sourceTree = "<group>"; };
		3EBB55FD24C7E6AB004DFB5D /* Section+CoreDataProperties.swift */ = {isa = PBXFileReference; lastKnownFileType = sourcecode.swift; path = "Section+CoreDataProperties.swift"; sourceTree = "<group>"; };
		3EDD515624C38C88002C7220 /* EventCollectionViewCell.swift */ = {isa = PBXFileReference; lastKnownFileType = sourcecode.swift; path = EventCollectionViewCell.swift; sourceTree = "<group>"; };
		3EDD515E24C3B766002C7220 /* Session+CoreDataClass.swift */ = {isa = PBXFileReference; lastKnownFileType = sourcecode.swift; path = "Session+CoreDataClass.swift"; sourceTree = "<group>"; };
		3EDD515F24C3B766002C7220 /* Session+CoreDataProperties.swift */ = {isa = PBXFileReference; lastKnownFileType = sourcecode.swift; path = "Session+CoreDataProperties.swift"; sourceTree = "<group>"; };
		3EDD516024C3B766002C7220 /* Semester+CoreDataClass.swift */ = {isa = PBXFileReference; lastKnownFileType = sourcecode.swift; path = "Semester+CoreDataClass.swift"; sourceTree = "<group>"; };
		3EDD516124C3B766002C7220 /* Semester+CoreDataProperties.swift */ = {isa = PBXFileReference; lastKnownFileType = sourcecode.swift; path = "Semester+CoreDataProperties.swift"; sourceTree = "<group>"; };
		3EDD516424C3B766002C7220 /* Course+CoreDataClass.swift */ = {isa = PBXFileReference; lastKnownFileType = sourcecode.swift; path = "Course+CoreDataClass.swift"; sourceTree = "<group>"; };
		3EDD516524C3B766002C7220 /* Course+CoreDataProperties.swift */ = {isa = PBXFileReference; lastKnownFileType = sourcecode.swift; path = "Course+CoreDataProperties.swift"; sourceTree = "<group>"; };
		3EDD516624C3B766002C7220 /* Professor+CoreDataClass.swift */ = {isa = PBXFileReference; lastKnownFileType = sourcecode.swift; path = "Professor+CoreDataClass.swift"; sourceTree = "<group>"; };
		3EDD516724C3B766002C7220 /* Professor+CoreDataProperties.swift */ = {isa = PBXFileReference; lastKnownFileType = sourcecode.swift; path = "Professor+CoreDataProperties.swift"; sourceTree = "<group>"; };
/* End PBXFileReference section */

/* Begin PBXFrameworksBuildPhase section */
		3E606B1E24C23DD700C76056 /* Frameworks */ = {
			isa = PBXFrameworksBuildPhase;
			buildActionMask = 2147483647;
			files = (
			);
			runOnlyForDeploymentPostprocessing = 0;
		};
/* End PBXFrameworksBuildPhase section */

/* Begin PBXGroup section */
		3E606B1824C23DD700C76056 = {
			isa = PBXGroup;
			children = (
				3E606B2324C23DD700C76056 /* WashU Calendar */,
				3E606B2224C23DD700C76056 /* Products */,
			);
			sourceTree = "<group>";
		};
		3E606B2224C23DD700C76056 /* Products */ = {
			isa = PBXGroup;
			children = (
				3E606B2124C23DD700C76056 /* WashU Calendar.app */,
			);
			name = Products;
			sourceTree = "<group>";
		};
		3E606B2324C23DD700C76056 /* WashU Calendar */ = {
			isa = PBXGroup;
			children = (
				3E606B3B24C23DF700C76056 /* Storyboard */,
				3EDD515524C38C40002C7220 /* View */,
				3E606B3C24C23E0D00C76056 /* Delegate */,
				3E606B3D24C23E2E00C76056 /* Data */,
				3E87BFF524C4F09600ADB2CF /* JSON */,
				3E606B3024C23DDB00C76056 /* Assets.xcassets */,
				3E606B3524C23DDB00C76056 /* Info.plist */,
			);
			path = "WashU Calendar";
			sourceTree = "<group>";
		};
		3E606B3B24C23DF700C76056 /* Storyboard */ = {
			isa = PBXGroup;
			children = (
				3E606B2A24C23DD700C76056 /* Main.storyboard */,
				3E606B3224C23DDB00C76056 /* LaunchScreen.storyboard */,
			);
			path = Storyboard;
			sourceTree = "<group>";
		};
		3E606B3C24C23E0D00C76056 /* Delegate */ = {
			isa = PBXGroup;
			children = (
				3E606B2424C23DD700C76056 /* AppDelegate.swift */,
				3E606B2624C23DD700C76056 /* SceneDelegate.swift */,
			);
			path = Delegate;
			sourceTree = "<group>";
		};
		3E606B3D24C23E2E00C76056 /* Data */ = {
			isa = PBXGroup;
			children = (
				3E87BFEF24C4D04D00ADB2CF /* CoreDataController.swift */,
				3E606B2D24C23DD700C76056 /* WashU_Calendar.xcdatamodeld */,
				3E79816724C3BF770023BE89 /* School+CoreDataClass.swift */,
				3E79816824C3BF770023BE89 /* School+CoreDataProperties.swift */,
				3E79817124C3E7430023BE89 /* Department+CoreDataClass.swift */,
				3E79817224C3E7430023BE89 /* Department+CoreDataProperties.swift */,
				3EDD516624C3B766002C7220 /* Professor+CoreDataClass.swift */,
				3EDD516724C3B766002C7220 /* Professor+CoreDataProperties.swift */,
				3EDD516024C3B766002C7220 /* Semester+CoreDataClass.swift */,
				3EDD516124C3B766002C7220 /* Semester+CoreDataProperties.swift */,
				3EDD515E24C3B766002C7220 /* Session+CoreDataClass.swift */,
				3EDD515F24C3B766002C7220 /* Session+CoreDataProperties.swift */,
				3EDD516424C3B766002C7220 /* Course+CoreDataClass.swift */,
				3EDD516524C3B766002C7220 /* Course+CoreDataProperties.swift */,
				3EBB55FC24C7E6AB004DFB5D /* Section+CoreDataClass.swift */,
				3EBB55FD24C7E6AB004DFB5D /* Section+CoreDataProperties.swift */,
				3EBB55F624C7E603004DFB5D /* Event+CoreDataClass.swift */,
				3EBB55F724C7E603004DFB5D /* Event+CoreDataProperties.swift */,
				3E79816D24C3DB0C0023BE89 /* Attribute+CoreDataClass.swift */,
				3E79816E24C3DB0C0023BE89 /* Attribute+CoreDataProperties.swift */,
			);
			path = Data;
			sourceTree = "<group>";
		};
		3E87BFF524C4F09600ADB2CF /* JSON */ = {
			isa = PBXGroup;
			children = (
				3E87BFF124C4E52A00ADB2CF /* JsonController.swift */,
				3E87BFF324C4F07000ADB2CF /* JsonDataType.swift */,
			);
			path = JSON;
			sourceTree = "<group>";
		};
		3EDD515524C38C40002C7220 /* View */ = {
			isa = PBXGroup;
			children = (
				3E606B2824C23DD700C76056 /* ListViewController.swift */,
				3EBB55EF24C797DC004DFB5D /* DayViewController.swift */,
				3E66184724C5957D008A57C8 /* HeaderCollectionReusableView.swift */,
				3EDD515624C38C88002C7220 /* EventCollectionViewCell.swift */,
				3EBB55F124C798F4004DFB5D /* DayCollectionViewCell.swift */,
				3E62CF8D24C87F2000D8D38A /* AddCourseViewController.swift */,
			);
			path = View;
			sourceTree = "<group>";
		};
/* End PBXGroup section */

/* Begin PBXNativeTarget section */
		3E606B2024C23DD700C76056 /* WashU Calendar */ = {
			isa = PBXNativeTarget;
			buildConfigurationList = 3E606B3824C23DDB00C76056 /* Build configuration list for PBXNativeTarget "WashU Calendar" */;
			buildPhases = (
				3E606B1D24C23DD700C76056 /* Sources */,
				3E606B1E24C23DD700C76056 /* Frameworks */,
				3E606B1F24C23DD700C76056 /* Resources */,
			);
			buildRules = (
			);
			dependencies = (
			);
			name = "WashU Calendar";
			productName = "WashU Calendar";
			productReference = 3E606B2124C23DD700C76056 /* WashU Calendar.app */;
			productType = "com.apple.product-type.application";
		};
/* End PBXNativeTarget section */

/* Begin PBXProject section */
		3E606B1924C23DD700C76056 /* Project object */ = {
			isa = PBXProject;
			attributes = {
				LastSwiftUpdateCheck = 1160;
				LastUpgradeCheck = 1160;
				ORGANIZATIONNAME = washu;
				TargetAttributes = {
					3E606B2024C23DD700C76056 = {
						CreatedOnToolsVersion = 11.6;
					};
				};
			};
			buildConfigurationList = 3E606B1C24C23DD700C76056 /* Build configuration list for PBXProject "WashU Calendar" */;
			compatibilityVersion = "Xcode 9.3";
			developmentRegion = en;
			hasScannedForEncodings = 0;
			knownRegions = (
				en,
				Base,
			);
			mainGroup = 3E606B1824C23DD700C76056;
			productRefGroup = 3E606B2224C23DD700C76056 /* Products */;
			projectDirPath = "";
			projectRoot = "";
			targets = (
				3E606B2024C23DD700C76056 /* WashU Calendar */,
			);
		};
/* End PBXProject section */

/* Begin PBXResourcesBuildPhase section */
		3E606B1F24C23DD700C76056 /* Resources */ = {
			isa = PBXResourcesBuildPhase;
			buildActionMask = 2147483647;
			files = (
				3E606B3424C23DDB00C76056 /* LaunchScreen.storyboard in Resources */,
				3E606B3124C23DDB00C76056 /* Assets.xcassets in Resources */,
				3E606B2C24C23DD700C76056 /* Main.storyboard in Resources */,
			);
			runOnlyForDeploymentPostprocessing = 0;
		};
/* End PBXResourcesBuildPhase section */

/* Begin PBXSourcesBuildPhase section */
		3E606B1D24C23DD700C76056 /* Sources */ = {
			isa = PBXSourcesBuildPhase;
			buildActionMask = 2147483647;
			files = (
				3EDD517424C3B766002C7220 /* Course+CoreDataClass.swift in Sources */,
				3EBB55F224C798F4004DFB5D /* DayCollectionViewCell.swift in Sources */,
				3EDD517524C3B766002C7220 /* Course+CoreDataProperties.swift in Sources */,
				3EBB55FB24C7E603004DFB5D /* Event+CoreDataProperties.swift in Sources */,
				3E87BFF424C4F07000ADB2CF /* JsonDataType.swift in Sources */,
				3EDD515724C38C88002C7220 /* EventCollectionViewCell.swift in Sources */,
				3EDD516E24C3B766002C7220 /* Session+CoreDataClass.swift in Sources */,
				3E62CF8E24C87F2000D8D38A /* AddCourseViewController.swift in Sources */,
				3EBB55FE24C7E6AB004DFB5D /* Section+CoreDataClass.swift in Sources */,
				3EBB55FF24C7E6AB004DFB5D /* Section+CoreDataProperties.swift in Sources */,
				3E79817324C3E7430023BE89 /* Department+CoreDataClass.swift in Sources */,
				3E87BFF224C4E52A00ADB2CF /* JsonController.swift in Sources */,
				3E66184824C5957D008A57C8 /* HeaderCollectionReusableView.swift in Sources */,
				3E606B2F24C23DD700C76056 /* WashU_Calendar.xcdatamodeld in Sources */,
				3EDD517724C3B766002C7220 /* Professor+CoreDataProperties.swift in Sources */,
				3E79816A24C3BF770023BE89 /* School+CoreDataProperties.swift in Sources */,
				3E79816924C3BF770023BE89 /* School+CoreDataClass.swift in Sources */,
				3EDD517124C3B766002C7220 /* Semester+CoreDataProperties.swift in Sources */,
				3E606B2924C23DD700C76056 /* ListViewController.swift in Sources */,
				3E79816F24C3DB0C0023BE89 /* Attribute+CoreDataClass.swift in Sources */,
				3EBB55F024C797DC004DFB5D /* DayViewController.swift in Sources */,
				3EDD517024C3B766002C7220 /* Semester+CoreDataClass.swift in Sources */,
				3EDD516F24C3B766002C7220 /* Session+CoreDataProperties.swift in Sources */,
				3EDD517624C3B766002C7220 /* Professor+CoreDataClass.swift in Sources */,
				3EBB55FA24C7E603004DFB5D /* Event+CoreDataClass.swift in Sources */,
				3E606B2524C23DD700C76056 /* AppDelegate.swift in Sources */,
				3E87BFF024C4D04D00ADB2CF /* CoreDataController.swift in Sources */,
				3E606B2724C23DD700C76056 /* SceneDelegate.swift in Sources */,
				3E79817424C3E7430023BE89 /* Department+CoreDataProperties.swift in Sources */,
				3E79817024C3DB0C0023BE89 /* Attribute+CoreDataProperties.swift in Sources */,
			);
			runOnlyForDeploymentPostprocessing = 0;
		};
/* End PBXSourcesBuildPhase section */

/* Begin PBXVariantGroup section */
		3E606B2A24C23DD700C76056 /* Main.storyboard */ = {
			isa = PBXVariantGroup;
			children = (
				3E606B2B24C23DD700C76056 /* Base */,
			);
			name = Main.storyboard;
			sourceTree = "<group>";
		};
		3E606B3224C23DDB00C76056 /* LaunchScreen.storyboard */ = {
			isa = PBXVariantGroup;
			children = (
				3E606B3324C23DDB00C76056 /* Base */,
			);
			name = LaunchScreen.storyboard;
			sourceTree = "<group>";
		};
/* End PBXVariantGroup section */

/* Begin XCBuildConfiguration section */
		3E606B3624C23DDB00C76056 /* Debug */ = {
			isa = XCBuildConfiguration;
			buildSettings = {
				ALWAYS_SEARCH_USER_PATHS = NO;
				CLANG_ANALYZER_NONNULL = YES;
				CLANG_ANALYZER_NUMBER_OBJECT_CONVERSION = YES_AGGRESSIVE;
				CLANG_CXX_LANGUAGE_STANDARD = "gnu++14";
				CLANG_CXX_LIBRARY = "libc++";
				CLANG_ENABLE_MODULES = YES;
				CLANG_ENABLE_OBJC_ARC = YES;
				CLANG_ENABLE_OBJC_WEAK = YES;
				CLANG_WARN_BLOCK_CAPTURE_AUTORELEASING = YES;
				CLANG_WARN_BOOL_CONVERSION = YES;
				CLANG_WARN_COMMA = YES;
				CLANG_WARN_CONSTANT_CONVERSION = YES;
				CLANG_WARN_DEPRECATED_OBJC_IMPLEMENTATIONS = YES;
				CLANG_WARN_DIRECT_OBJC_ISA_USAGE = YES_ERROR;
				CLANG_WARN_DOCUMENTATION_COMMENTS = YES;
				CLANG_WARN_EMPTY_BODY = YES;
				CLANG_WARN_ENUM_CONVERSION = YES;
				CLANG_WARN_INFINITE_RECURSION = YES;
				CLANG_WARN_INT_CONVERSION = YES;
				CLANG_WARN_NON_LITERAL_NULL_CONVERSION = YES;
				CLANG_WARN_OBJC_IMPLICIT_RETAIN_SELF = YES;
				CLANG_WARN_OBJC_LITERAL_CONVERSION = YES;
				CLANG_WARN_OBJC_ROOT_CLASS = YES_ERROR;
				CLANG_WARN_RANGE_LOOP_ANALYSIS = YES;
				CLANG_WARN_STRICT_PROTOTYPES = YES;
				CLANG_WARN_SUSPICIOUS_MOVE = YES;
				CLANG_WARN_UNGUARDED_AVAILABILITY = YES_AGGRESSIVE;
				CLANG_WARN_UNREACHABLE_CODE = YES;
				CLANG_WARN__DUPLICATE_METHOD_MATCH = YES;
				COPY_PHASE_STRIP = NO;
				DEBUG_INFORMATION_FORMAT = dwarf;
				ENABLE_STRICT_OBJC_MSGSEND = YES;
				ENABLE_TESTABILITY = YES;
				GCC_C_LANGUAGE_STANDARD = gnu11;
				GCC_DYNAMIC_NO_PIC = NO;
				GCC_NO_COMMON_BLOCKS = YES;
				GCC_OPTIMIZATION_LEVEL = 0;
				GCC_PREPROCESSOR_DEFINITIONS = (
					"DEBUG=1",
					"$(inherited)",
				);
				GCC_WARN_64_TO_32_BIT_CONVERSION = YES;
				GCC_WARN_ABOUT_RETURN_TYPE = YES_ERROR;
				GCC_WARN_UNDECLARED_SELECTOR = YES;
				GCC_WARN_UNINITIALIZED_AUTOS = YES_AGGRESSIVE;
				GCC_WARN_UNUSED_FUNCTION = YES;
				GCC_WARN_UNUSED_VARIABLE = YES;
				IPHONEOS_DEPLOYMENT_TARGET = 13.6;
				MTL_ENABLE_DEBUG_INFO = INCLUDE_SOURCE;
				MTL_FAST_MATH = YES;
				ONLY_ACTIVE_ARCH = YES;
				SDKROOT = iphoneos;
				SWIFT_ACTIVE_COMPILATION_CONDITIONS = DEBUG;
				SWIFT_OPTIMIZATION_LEVEL = "-Onone";
			};
			name = Debug;
		};
		3E606B3724C23DDB00C76056 /* Release */ = {
			isa = XCBuildConfiguration;
			buildSettings = {
				ALWAYS_SEARCH_USER_PATHS = NO;
				CLANG_ANALYZER_NONNULL = YES;
				CLANG_ANALYZER_NUMBER_OBJECT_CONVERSION = YES_AGGRESSIVE;
				CLANG_CXX_LANGUAGE_STANDARD = "gnu++14";
				CLANG_CXX_LIBRARY = "libc++";
				CLANG_ENABLE_MODULES = YES;
				CLANG_ENABLE_OBJC_ARC = YES;
				CLANG_ENABLE_OBJC_WEAK = YES;
				CLANG_WARN_BLOCK_CAPTURE_AUTORELEASING = YES;
				CLANG_WARN_BOOL_CONVERSION = YES;
				CLANG_WARN_COMMA = YES;
				CLANG_WARN_CONSTANT_CONVERSION = YES;
				CLANG_WARN_DEPRECATED_OBJC_IMPLEMENTATIONS = YES;
				CLANG_WARN_DIRECT_OBJC_ISA_USAGE = YES_ERROR;
				CLANG_WARN_DOCUMENTATION_COMMENTS = YES;
				CLANG_WARN_EMPTY_BODY = YES;
				CLANG_WARN_ENUM_CONVERSION = YES;
				CLANG_WARN_INFINITE_RECURSION = YES;
				CLANG_WARN_INT_CONVERSION = YES;
				CLANG_WARN_NON_LITERAL_NULL_CONVERSION = YES;
				CLANG_WARN_OBJC_IMPLICIT_RETAIN_SELF = YES;
				CLANG_WARN_OBJC_LITERAL_CONVERSION = YES;
				CLANG_WARN_OBJC_ROOT_CLASS = YES_ERROR;
				CLANG_WARN_RANGE_LOOP_ANALYSIS = YES;
				CLANG_WARN_STRICT_PROTOTYPES = YES;
				CLANG_WARN_SUSPICIOUS_MOVE = YES;
				CLANG_WARN_UNGUARDED_AVAILABILITY = YES_AGGRESSIVE;
				CLANG_WARN_UNREACHABLE_CODE = YES;
				CLANG_WARN__DUPLICATE_METHOD_MATCH = YES;
				COPY_PHASE_STRIP = NO;
				DEBUG_INFORMATION_FORMAT = "dwarf-with-dsym";
				ENABLE_NS_ASSERTIONS = NO;
				ENABLE_STRICT_OBJC_MSGSEND = YES;
				GCC_C_LANGUAGE_STANDARD = gnu11;
				GCC_NO_COMMON_BLOCKS = YES;
				GCC_WARN_64_TO_32_BIT_CONVERSION = YES;
				GCC_WARN_ABOUT_RETURN_TYPE = YES_ERROR;
				GCC_WARN_UNDECLARED_SELECTOR = YES;
				GCC_WARN_UNINITIALIZED_AUTOS = YES_AGGRESSIVE;
				GCC_WARN_UNUSED_FUNCTION = YES;
				GCC_WARN_UNUSED_VARIABLE = YES;
				IPHONEOS_DEPLOYMENT_TARGET = 13.6;
				MTL_ENABLE_DEBUG_INFO = NO;
				MTL_FAST_MATH = YES;
				SDKROOT = iphoneos;
				SWIFT_COMPILATION_MODE = wholemodule;
				SWIFT_OPTIMIZATION_LEVEL = "-O";
				VALIDATE_PRODUCT = YES;
			};
			name = Release;
		};
		3E606B3924C23DDB00C76056 /* Debug */ = {
			isa = XCBuildConfiguration;
			buildSettings = {
				ASSETCATALOG_COMPILER_APPICON_NAME = AppIcon;
				CODE_SIGN_STYLE = Automatic;
				DEVELOPMENT_TEAM = 8B7SFW8V6D;
				INFOPLIST_FILE = "WashU Calendar/Info.plist";
				IPHONEOS_DEPLOYMENT_TARGET = 13.5;
				LD_RUNPATH_SEARCH_PATHS = (
					"$(inherited)",
					"@executable_path/Frameworks",
				);
				PRODUCT_BUNDLE_IDENTIFIER = "edu.washu.WashU-Calendar";
				PRODUCT_NAME = "$(TARGET_NAME)";
				SWIFT_VERSION = 5.0;
				TARGETED_DEVICE_FAMILY = "1,2";
			};
			name = Debug;
		};
		3E606B3A24C23DDB00C76056 /* Release */ = {
			isa = XCBuildConfiguration;
			buildSettings = {
				ASSETCATALOG_COMPILER_APPICON_NAME = AppIcon;
				CODE_SIGN_STYLE = Automatic;
				DEVELOPMENT_TEAM = 8B7SFW8V6D;
				INFOPLIST_FILE = "WashU Calendar/Info.plist";
				IPHONEOS_DEPLOYMENT_TARGET = 13.5;
				LD_RUNPATH_SEARCH_PATHS = (
					"$(inherited)",
					"@executable_path/Frameworks",
				);
				PRODUCT_BUNDLE_IDENTIFIER = "edu.washu.WashU-Calendar";
				PRODUCT_NAME = "$(TARGET_NAME)";
				SWIFT_VERSION = 5.0;
				TARGETED_DEVICE_FAMILY = "1,2";
			};
			name = Release;
		};
/* End XCBuildConfiguration section */

/* Begin XCConfigurationList section */
		3E606B1C24C23DD700C76056 /* Build configuration list for PBXProject "WashU Calendar" */ = {
			isa = XCConfigurationList;
			buildConfigurations = (
				3E606B3624C23DDB00C76056 /* Debug */,
				3E606B3724C23DDB00C76056 /* Release */,
			);
			defaultConfigurationIsVisible = 0;
			defaultConfigurationName = Release;
		};
		3E606B3824C23DDB00C76056 /* Build configuration list for PBXNativeTarget "WashU Calendar" */ = {
			isa = XCConfigurationList;
			buildConfigurations = (
				3E606B3924C23DDB00C76056 /* Debug */,
				3E606B3A24C23DDB00C76056 /* Release */,
			);
			defaultConfigurationIsVisible = 0;
			defaultConfigurationName = Release;
		};
/* End XCConfigurationList section */

/* Begin XCVersionGroup section */
		3E606B2D24C23DD700C76056 /* WashU_Calendar.xcdatamodeld */ = {
			isa = XCVersionGroup;
			children = (
				3E606B2E24C23DD700C76056 /* WashU_Calendar.xcdatamodel */,
			);
			currentVersion = 3E606B2E24C23DD700C76056 /* WashU_Calendar.xcdatamodel */;
			path = WashU_Calendar.xcdatamodeld;
			sourceTree = "<group>";
			versionGroupType = wrapper.xcdatamodel;
		};
/* End XCVersionGroup section */
	};
	rootObject = 3E606B1924C23DD700C76056 /* Project object */;
}
